// !$*UTF8*$!
{
	archiveVersion = 1;
	classes = {
	};
	objectVersion = 46;
	objects = {

/* Begin PBXBuildFile section */
		828F9DFE02E456D186B2834E /* libPods-PthreadsDemo.a in Frameworks */ = {isa = PBXBuildFile; fileRef = 513D1FBAD467D4DE8BEFBCCB /* libPods-PthreadsDemo.a */; };
		A1CC80BF1E447F6C00465A52 /* main.m in Sources */ = {isa = PBXBuildFile; fileRef = A1CC80BE1E447F6C00465A52 /* main.m */; };
		A1CC80C21E447F6C00465A52 /* AppDelegate.m in Sources */ = {isa = PBXBuildFile; fileRef = A1CC80C11E447F6C00465A52 /* AppDelegate.m */; };
		A1CC80C51E447F6C00465A52 /* ViewController.m in Sources */ = {isa = PBXBuildFile; fileRef = A1CC80C41E447F6C00465A52 /* ViewController.m */; };
		A1CC80C81E447F6C00465A52 /* Main.storyboard in Resources */ = {isa = PBXBuildFile; fileRef = A1CC80C61E447F6C00465A52 /* Main.storyboard */; };
		A1CC80CA1E447F6C00465A52 /* Assets.xcassets in Resources */ = {isa = PBXBuildFile; fileRef = A1CC80C91E447F6C00465A52 /* Assets.xcassets */; };
		A1CC80CD1E447F6C00465A52 /* LaunchScreen.storyboard in Resources */ = {isa = PBXBuildFile; fileRef = A1CC80CB1E447F6C00465A52 /* LaunchScreen.storyboard */; };
		A1CC80D81E447F6C00465A52 /* PthreadsDemoTests.m in Sources */ = {isa = PBXBuildFile; fileRef = A1CC80D71E447F6C00465A52 /* PthreadsDemoTests.m */; };
		A1CC80E31E447F6C00465A52 /* PthreadsDemoUITests.m in Sources */ = {isa = PBXBuildFile; fileRef = A1CC80E21E447F6C00465A52 /* PthreadsDemoUITests.m */; };
		A1CC80F21E44857C00465A52 /* XLDataFetchHandler.m in Sources */ = {isa = PBXBuildFile; fileRef = A1CC80F11E44857C00465A52 /* XLDataFetchHandler.m */; };
		A1CC80F51E44877900465A52 /* XLPersistenceHandler.m in Sources */ = {isa = PBXBuildFile; fileRef = A1CC80F41E44877900465A52 /* XLPersistenceHandler.m */; };
		A1CC80F81E44882800465A52 /* XLThemeInfo.m in Sources */ = {isa = PBXBuildFile; fileRef = A1CC80F71E44882800465A52 /* XLThemeInfo.m */; };
		A1CC80FB1E448BCF00465A52 /* SecondViewController.m in Sources */ = {isa = PBXBuildFile; fileRef = A1CC80FA1E448BCF00465A52 /* SecondViewController.m */; };
/* End PBXBuildFile section */

/* Begin PBXContainerItemProxy section */
		A1CC80D41E447F6C00465A52 /* PBXContainerItemProxy */ = {
			isa = PBXContainerItemProxy;
			containerPortal = A1CC80B21E447F6C00465A52 /* Project object */;
			proxyType = 1;
			remoteGlobalIDString = A1CC80B91E447F6C00465A52;
			remoteInfo = PthreadsDemo;
		};
		A1CC80DF1E447F6C00465A52 /* PBXContainerItemProxy */ = {
			isa = PBXContainerItemProxy;
			containerPortal = A1CC80B21E447F6C00465A52 /* Project object */;
			proxyType = 1;
			remoteGlobalIDString = A1CC80B91E447F6C00465A52;
			remoteInfo = PthreadsDemo;
		};
/* End PBXContainerItemProxy section */

/* Begin PBXFileReference section */
		2558B39FB9E343BF666B29E8 /* Pods-PthreadsDemo.release.xcconfig */ = {isa = PBXFileReference; includeInIndex = 1; lastKnownFileType = text.xcconfig; name = "Pods-PthreadsDemo.release.xcconfig"; path = "Pods/Target Support Files/Pods-PthreadsDemo/Pods-PthreadsDemo.release.xcconfig"; sourceTree = "<group>"; };
		513D1FBAD467D4DE8BEFBCCB /* libPods-PthreadsDemo.a */ = {isa = PBXFileReference; explicitFileType = archive.ar; includeInIndex = 0; path = "libPods-PthreadsDemo.a"; sourceTree = BUILT_PRODUCTS_DIR; };
		A1CC80BA1E447F6C00465A52 /* PthreadsDemo.app */ = {isa = PBXFileReference; explicitFileType = wrapper.application; includeInIndex = 0; path = PthreadsDemo.app; sourceTree = BUILT_PRODUCTS_DIR; };
		A1CC80BE1E447F6C00465A52 /* main.m */ = {isa = PBXFileReference; lastKnownFileType = sourcecode.c.objc; path = main.m; sourceTree = "<group>"; };
		A1CC80C01E447F6C00465A52 /* AppDelegate.h */ = {isa = PBXFileReference; lastKnownFileType = sourcecode.c.h; path = AppDelegate.h; sourceTree = "<group>"; };
		A1CC80C11E447F6C00465A52 /* AppDelegate.m */ = {isa = PBXFileReference; lastKnownFileType = sourcecode.c.objc; path = AppDelegate.m; sourceTree = "<group>"; };
		A1CC80C31E447F6C00465A52 /* ViewController.h */ = {isa = PBXFileReference; lastKnownFileType = sourcecode.c.h; path = ViewController.h; sourceTree = "<group>"; };
		A1CC80C41E447F6C00465A52 /* ViewController.m */ = {isa = PBXFileReference; lastKnownFileType = sourcecode.c.objc; path = ViewController.m; sourceTree = "<group>"; };
		A1CC80C71E447F6C00465A52 /* Base */ = {isa = PBXFileReference; lastKnownFileType = file.storyboard; name = Base; path = Base.lproj/Main.storyboard; sourceTree = "<group>"; };
		A1CC80C91E447F6C00465A52 /* Assets.xcassets */ = {isa = PBXFileReference; lastKnownFileType = folder.assetcatalog; path = Assets.xcassets; sourceTree = "<group>"; };
		A1CC80CC1E447F6C00465A52 /* Base */ = {isa = PBXFileReference; lastKnownFileType = file.storyboard; name = Base; path = Base.lproj/LaunchScreen.storyboard; sourceTree = "<group>"; };
		A1CC80CE1E447F6C00465A52 /* Info.plist */ = {isa = PBXFileReference; lastKnownFileType = text.plist.xml; path = Info.plist; sourceTree = "<group>"; };
		A1CC80D31E447F6C00465A52 /* PthreadsDemoTests.xctest */ = {isa = PBXFileReference; explicitFileType = wrapper.cfbundle; includeInIndex = 0; path = PthreadsDemoTests.xctest; sourceTree = BUILT_PRODUCTS_DIR; };
		A1CC80D71E447F6C00465A52 /* PthreadsDemoTests.m */ = {isa = PBXFileReference; lastKnownFileType = sourcecode.c.objc; path = PthreadsDemoTests.m; sourceTree = "<group>"; };
		A1CC80D91E447F6C00465A52 /* Info.plist */ = {isa = PBXFileReference; lastKnownFileType = text.plist.xml; path = Info.plist; sourceTree = "<group>"; };
		A1CC80DE1E447F6C00465A52 /* PthreadsDemoUITests.xctest */ = {isa = PBXFileReference; explicitFileType = wrapper.cfbundle; includeInIndex = 0; path = PthreadsDemoUITests.xctest; sourceTree = BUILT_PRODUCTS_DIR; };
		A1CC80E21E447F6C00465A52 /* PthreadsDemoUITests.m */ = {isa = PBXFileReference; lastKnownFileType = sourcecode.c.objc; path = PthreadsDemoUITests.m; sourceTree = "<group>"; };
		A1CC80E41E447F6C00465A52 /* Info.plist */ = {isa = PBXFileReference; lastKnownFileType = text.plist.xml; path = Info.plist; sourceTree = "<group>"; };
		A1CC80F01E44857C00465A52 /* XLDataFetchHandler.h */ = {isa = PBXFileReference; fileEncoding = 4; lastKnownFileType = sourcecode.c.h; path = XLDataFetchHandler.h; sourceTree = "<group>"; };
		A1CC80F11E44857C00465A52 /* XLDataFetchHandler.m */ = {isa = PBXFileReference; fileEncoding = 4; lastKnownFileType = sourcecode.c.objc; path = XLDataFetchHandler.m; sourceTree = "<group>"; };
		A1CC80F31E44877900465A52 /* XLPersistenceHandler.h */ = {isa = PBXFileReference; fileEncoding = 4; lastKnownFileType = sourcecode.c.h; path = XLPersistenceHandler.h; sourceTree = "<group>"; };
		A1CC80F41E44877900465A52 /* XLPersistenceHandler.m */ = {isa = PBXFileReference; fileEncoding = 4; lastKnownFileType = sourcecode.c.objc; path = XLPersistenceHandler.m; sourceTree = "<group>"; };
		A1CC80F61E44882800465A52 /* XLThemeInfo.h */ = {isa = PBXFileReference; fileEncoding = 4; lastKnownFileType = sourcecode.c.h; path = XLThemeInfo.h; sourceTree = "<group>"; };
		A1CC80F71E44882800465A52 /* XLThemeInfo.m */ = {isa = PBXFileReference; fileEncoding = 4; lastKnownFileType = sourcecode.c.objc; path = XLThemeInfo.m; sourceTree = "<group>"; };
		A1CC80F91E448BCF00465A52 /* SecondViewController.h */ = {isa = PBXFileReference; fileEncoding = 4; lastKnownFileType = sourcecode.c.h; path = SecondViewController.h; sourceTree = "<group>"; };
		A1CC80FA1E448BCF00465A52 /* SecondViewController.m */ = {isa = PBXFileReference; fileEncoding = 4; lastKnownFileType = sourcecode.c.objc; path = SecondViewController.m; sourceTree = "<group>"; };
		AEE134FC082721D233E7B41E /* Pods-PthreadsDemo.debug.xcconfig */ = {isa = PBXFileReference; includeInIndex = 1; lastKnownFileType = text.xcconfig; name = "Pods-PthreadsDemo.debug.xcconfig"; path = "Pods/Target Support Files/Pods-PthreadsDemo/Pods-PthreadsDemo.debug.xcconfig"; sourceTree = "<group>"; };
/* End PBXFileReference section */

/* Begin PBXFrameworksBuildPhase section */
		A1CC80B71E447F6C00465A52 /* Frameworks */ = {
			isa = PBXFrameworksBuildPhase;
			buildActionMask = 2147483647;
			files = (
				828F9DFE02E456D186B2834E /* libPods-PthreadsDemo.a in Frameworks */,
			);
			runOnlyForDeploymentPostprocessing = 0;
		};
		A1CC80D01E447F6C00465A52 /* Frameworks */ = {
			isa = PBXFrameworksBuildPhase;
			buildActionMask = 2147483647;
			files = (
			);
			runOnlyForDeploymentPostprocessing = 0;
		};
		A1CC80DB1E447F6C00465A52 /* Frameworks */ = {
			isa = PBXFrameworksBuildPhase;
			buildActionMask = 2147483647;
			files = (
			);
			runOnlyForDeploymentPostprocessing = 0;
		};
/* End PBXFrameworksBuildPhase section */

/* Begin PBXGroup section */
		4E3325AA494B2A04D27B9E49 /* Pods */ = {
			isa = PBXGroup;
			children = (
				AEE134FC082721D233E7B41E /* Pods-PthreadsDemo.debug.xcconfig */,
				2558B39FB9E343BF666B29E8 /* Pods-PthreadsDemo.release.xcconfig */,
			);
			name = Pods;
			sourceTree = "<group>";
		};
		9A67E7F388F28D937F60DFF2 /* Frameworks */ = {
			isa = PBXGroup;
			children = (
				513D1FBAD467D4DE8BEFBCCB /* libPods-PthreadsDemo.a */,
			);
			name = Frameworks;
			sourceTree = "<group>";
		};
		A1CC80B11E447F6C00465A52 = {
			isa = PBXGroup;
			children = (
				A1CC80BC1E447F6C00465A52 /* PthreadsDemo */,
				A1CC80D61E447F6C00465A52 /* PthreadsDemoTests */,
				A1CC80E11E447F6C00465A52 /* PthreadsDemoUITests */,
				A1CC80BB1E447F6C00465A52 /* Products */,
				4E3325AA494B2A04D27B9E49 /* Pods */,
				9A67E7F388F28D937F60DFF2 /* Frameworks */,
			);
			sourceTree = "<group>";
		};
		A1CC80BB1E447F6C00465A52 /* Products */ = {
			isa = PBXGroup;
			children = (
				A1CC80BA1E447F6C00465A52 /* PthreadsDemo.app */,
				A1CC80D31E447F6C00465A52 /* PthreadsDemoTests.xctest */,
				A1CC80DE1E447F6C00465A52 /* PthreadsDemoUITests.xctest */,
			);
			name = Products;
			sourceTree = "<group>";
		};
		A1CC80BC1E447F6C00465A52 /* PthreadsDemo */ = {
			isa = PBXGroup;
			children = (
				A1CC80C01E447F6C00465A52 /* AppDelegate.h */,
				A1CC80C11E447F6C00465A52 /* AppDelegate.m */,
				A1CC80F61E44882800465A52 /* XLThemeInfo.h */,
				A1CC80F71E44882800465A52 /* XLThemeInfo.m */,
				A1CC80F01E44857C00465A52 /* XLDataFetchHandler.h */,
				A1CC80F11E44857C00465A52 /* XLDataFetchHandler.m */,
				A1CC80F31E44877900465A52 /* XLPersistenceHandler.h */,
				A1CC80F41E44877900465A52 /* XLPersistenceHandler.m */,
				A1CC80C31E447F6C00465A52 /* ViewController.h */,
				A1CC80C41E447F6C00465A52 /* ViewController.m */,
				A1CC80F91E448BCF00465A52 /* SecondViewController.h */,
				A1CC80FA1E448BCF00465A52 /* SecondViewController.m */,
				A1CC80C61E447F6C00465A52 /* Main.storyboard */,
				A1CC80C91E447F6C00465A52 /* Assets.xcassets */,
				A1CC80CB1E447F6C00465A52 /* LaunchScreen.storyboard */,
				A1CC80CE1E447F6C00465A52 /* Info.plist */,
				A1CC80BD1E447F6C00465A52 /* Supporting Files */,
			);
			path = PthreadsDemo;
			sourceTree = "<group>";
		};
		A1CC80BD1E447F6C00465A52 /* Supporting Files */ = {
			isa = PBXGroup;
			children = (
				A1CC80BE1E447F6C00465A52 /* main.m */,
			);
			name = "Supporting Files";
			sourceTree = "<group>";
		};
		A1CC80D61E447F6C00465A52 /* PthreadsDemoTests */ = {
			isa = PBXGroup;
			children = (
				A1CC80D71E447F6C00465A52 /* PthreadsDemoTests.m */,
				A1CC80D91E447F6C00465A52 /* Info.plist */,
			);
			path = PthreadsDemoTests;
			sourceTree = "<group>";
		};
		A1CC80E11E447F6C00465A52 /* PthreadsDemoUITests */ = {
			isa = PBXGroup;
			children = (
				A1CC80E21E447F6C00465A52 /* PthreadsDemoUITests.m */,
				A1CC80E41E447F6C00465A52 /* Info.plist */,
			);
			path = PthreadsDemoUITests;
			sourceTree = "<group>";
		};
/* End PBXGroup section */

/* Begin PBXNativeTarget section */
		A1CC80B91E447F6C00465A52 /* PthreadsDemo */ = {
			isa = PBXNativeTarget;
			buildConfigurationList = A1CC80E71E447F6C00465A52 /* Build configuration list for PBXNativeTarget "PthreadsDemo" */;
			buildPhases = (
				9F56F92E78A168C301E4334A /* [CP] Check Pods Manifest.lock */,
				A1CC80B61E447F6C00465A52 /* Sources */,
				A1CC80B71E447F6C00465A52 /* Frameworks */,
				A1CC80B81E447F6C00465A52 /* Resources */,
				817566674BBF2F2A3EA33757 /* [CP] Embed Pods Frameworks */,
				2F59EC77B2C4E1EC8AD94BC2 /* [CP] Copy Pods Resources */,
			);
			buildRules = (
			);
			dependencies = (
			);
			name = PthreadsDemo;
			productName = PthreadsDemo;
			productReference = A1CC80BA1E447F6C00465A52 /* PthreadsDemo.app */;
			productType = "com.apple.product-type.application";
		};
		A1CC80D21E447F6C00465A52 /* PthreadsDemoTests */ = {
			isa = PBXNativeTarget;
			buildConfigurationList = A1CC80EA1E447F6C00465A52 /* Build configuration list for PBXNativeTarget "PthreadsDemoTests" */;
			buildPhases = (
				A1CC80CF1E447F6C00465A52 /* Sources */,
				A1CC80D01E447F6C00465A52 /* Frameworks */,
				A1CC80D11E447F6C00465A52 /* Resources */,
			);
			buildRules = (
			);
			dependencies = (
				A1CC80D51E447F6C00465A52 /* PBXTargetDependency */,
			);
			name = PthreadsDemoTests;
			productName = PthreadsDemoTests;
			productReference = A1CC80D31E447F6C00465A52 /* PthreadsDemoTests.xctest */;
			productType = "com.apple.product-type.bundle.unit-test";
		};
		A1CC80DD1E447F6C00465A52 /* PthreadsDemoUITests */ = {
			isa = PBXNativeTarget;
			buildConfigurationList = A1CC80ED1E447F6C00465A52 /* Build configuration list for PBXNativeTarget "PthreadsDemoUITests" */;
			buildPhases = (
				A1CC80DA1E447F6C00465A52 /* Sources */,
				A1CC80DB1E447F6C00465A52 /* Frameworks */,
				A1CC80DC1E447F6C00465A52 /* Resources */,
			);
			buildRules = (
			);
			dependencies = (
				A1CC80E01E447F6C00465A52 /* PBXTargetDependency */,
			);
			name = PthreadsDemoUITests;
			productName = PthreadsDemoUITests;
			productReference = A1CC80DE1E447F6C00465A52 /* PthreadsDemoUITests.xctest */;
			productType = "com.apple.product-type.bundle.ui-testing";
		};
/* End PBXNativeTarget section */

/* Begin PBXProject section */
		A1CC80B21E447F6C00465A52 /* Project object */ = {
			isa = PBXProject;
			attributes = {
				LastUpgradeCheck = 0820;
				ORGANIZATIONNAME = xiaolin;
				TargetAttributes = {
					A1CC80B91E447F6C00465A52 = {
						CreatedOnToolsVersion = 8.2.1;
						ProvisioningStyle = Automatic;
					};
					A1CC80D21E447F6C00465A52 = {
						CreatedOnToolsVersion = 8.2.1;
						ProvisioningStyle = Automatic;
						TestTargetID = A1CC80B91E447F6C00465A52;
					};
					A1CC80DD1E447F6C00465A52 = {
						CreatedOnToolsVersion = 8.2.1;
						ProvisioningStyle = Automatic;
						TestTargetID = A1CC80B91E447F6C00465A52;
					};
				};
			};
			buildConfigurationList = A1CC80B51E447F6C00465A52 /* Build configuration list for PBXProject "PthreadsDemo" */;
			compatibilityVersion = "Xcode 3.2";
			developmentRegion = English;
			hasScannedForEncodings = 0;
			knownRegions = (
				en,
				Base,
			);
			mainGroup = A1CC80B11E447F6C00465A52;
			productRefGroup = A1CC80BB1E447F6C00465A52 /* Products */;
			projectDirPath = "";
			projectRoot = "";
			targets = (
				A1CC80B91E447F6C00465A52 /* PthreadsDemo */,
				A1CC80D21E447F6C00465A52 /* PthreadsDemoTests */,
				A1CC80DD1E447F6C00465A52 /* PthreadsDemoUITests */,
			);
		};
/* End PBXProject section */

/* Begin PBXResourcesBuildPhase section */
		A1CC80B81E447F6C00465A52 /* Resources */ = {
			isa = PBXResourcesBuildPhase;
			buildActionMask = 2147483647;
			files = (
				A1CC80CD1E447F6C00465A52 /* LaunchScreen.storyboard in Resources */,
				A1CC80CA1E447F6C00465A52 /* Assets.xcassets in Resources */,
				A1CC80C81E447F6C00465A52 /* Main.storyboard in Resources */,
			);
			runOnlyForDeploymentPostprocessing = 0;
		};
		A1CC80D11E447F6C00465A52 /* Resources */ = {
			isa = PBXResourcesBuildPhase;
			buildActionMask = 2147483647;
			files = (
			);
			runOnlyForDeploymentPostprocessing = 0;
		};
		A1CC80DC1E447F6C00465A52 /* Resources */ = {
			isa = PBXResourcesBuildPhase;
			buildActionMask = 2147483647;
			files = (
			);
			runOnlyForDeploymentPostprocessing = 0;
		};
/* End PBXResourcesBuildPhase section */

/* Begin PBXShellScriptBuildPhase section */
		2F59EC77B2C4E1EC8AD94BC2 /* [CP] Copy Pods Resources */ = {
			isa = PBXShellScriptBuildPhase;
			buildActionMask = 2147483647;
			files = (
			);
			inputPaths = (
			);
			name = "[CP] Copy Pods Resources";
			outputPaths = (
			);
			runOnlyForDeploymentPostprocessing = 0;
			shellPath = /bin/sh;
			shellScript = "\"${SRCROOT}/Pods/Target Support Files/Pods-PthreadsDemo/Pods-PthreadsDemo-resources.sh\"\n";
			showEnvVarsInLog = 0;
		};
		817566674BBF2F2A3EA33757 /* [CP] Embed Pods Frameworks */ = {
			isa = PBXShellScriptBuildPhase;
			buildActionMask = 2147483647;
			files = (
			);
			inputPaths = (
			);
			name = "[CP] Embed Pods Frameworks";
			outputPaths = (
			);
			runOnlyForDeploymentPostprocessing = 0;
			shellPath = /bin/sh;
			shellScript = "\"${SRCROOT}/Pods/Target Support Files/Pods-PthreadsDemo/Pods-PthreadsDemo-frameworks.sh\"\n";
			showEnvVarsInLog = 0;
		};
		9F56F92E78A168C301E4334A /* [CP] Check Pods Manifest.lock */ = {
			isa = PBXShellScriptBuildPhase;
			buildActionMask = 2147483647;
			files = (
			);
			inputPaths = (
			);
			name = "[CP] Check Pods Manifest.lock";
			outputPaths = (
			);
			runOnlyForDeploymentPostprocessing = 0;
			shellPath = /bin/sh;
			shellScript = "diff \"${PODS_ROOT}/../Podfile.lock\" \"${PODS_ROOT}/Manifest.lock\" > /dev/null\nif [ $? != 0 ] ; then\n    # print error to STDERR\n    echo \"error: The sandbox is not in sync with the Podfile.lock. Run 'pod install' or update your CocoaPods installation.\" >&2\n    exit 1\nfi\n";
			showEnvVarsInLog = 0;
		};
/* End PBXShellScriptBuildPhase section */

/* Begin PBXSourcesBuildPhase section */
		A1CC80B61E447F6C00465A52 /* Sources */ = {
			isa = PBXSourcesBuildPhase;
			buildActionMask = 2147483647;
			files = (
				A1CC80C51E447F6C00465A52 /* ViewController.m in Sources */,
				A1CC80F51E44877900465A52 /* XLPersistenceHandler.m in Sources */,
				A1CC80F21E44857C00465A52 /* XLDataFetchHandler.m in Sources */,
				A1CC80FB1E448BCF00465A52 /* SecondViewController.m in Sources */,
				A1CC80C21E447F6C00465A52 /* AppDelegate.m in Sources */,
				A1CC80BF1E447F6C00465A52 /* main.m in Sources */,
				A1CC80F81E44882800465A52 /* XLThemeInfo.m in Sources */,
			);
			runOnlyForDeploymentPostprocessing = 0;
		};
		A1CC80CF1E447F6C00465A52 /* Sources */ = {
			isa = PBXSourcesBuildPhase;
			buildActionMask = 2147483647;
			files = (
				A1CC80D81E447F6C00465A52 /* PthreadsDemoTests.m in Sources */,
			);
			runOnlyForDeploymentPostprocessing = 0;
		};
		A1CC80DA1E447F6C00465A52 /* Sources */ = {
			isa = PBXSourcesBuildPhase;
			buildActionMask = 2147483647;
			files = (
				A1CC80E31E447F6C00465A52 /* PthreadsDemoUITests.m in Sources */,
			);
			runOnlyForDeploymentPostprocessing = 0;
		};
/* End PBXSourcesBuildPhase section */

/* Begin PBXTargetDependency section */
		A1CC80D51E447F6C00465A52 /* PBXTargetDependency */ = {
			isa = PBXTargetDependency;
			target = A1CC80B91E447F6C00465A52 /* PthreadsDemo */;
			targetProxy = A1CC80D41E447F6C00465A52 /* PBXContainerItemProxy */;
		};
		A1CC80E01E447F6C00465A52 /* PBXTargetDependency */ = {
			isa = PBXTargetDependency;
			target = A1CC80B91E447F6C00465A52 /* PthreadsDemo */;
			targetProxy = A1CC80DF1E447F6C00465A52 /* PBXContainerItemProxy */;
		};
/* End PBXTargetDependency section */

/* Begin PBXVariantGroup section */
		A1CC80C61E447F6C00465A52 /* Main.storyboard */ = {
			isa = PBXVariantGroup;
			children = (
				A1CC80C71E447F6C00465A52 /* Base */,
			);
			name = Main.storyboard;
			sourceTree = "<group>";
		};
		A1CC80CB1E447F6C00465A52 /* LaunchScreen.storyboard */ = {
			isa = PBXVariantGroup;
			children = (
				A1CC80CC1E447F6C00465A52 /* Base */,
			);
			name = LaunchScreen.storyboard;
			sourceTree = "<group>";
		};
/* End PBXVariantGroup section */

/* Begin XCBuildConfiguration section */
		A1CC80E51E447F6C00465A52 /* Debug */ = {
			isa = XCBuildConfiguration;
			buildSettings = {
				ALWAYS_SEARCH_USER_PATHS = NO;
				CLANG_ANALYZER_NONNULL = YES;
				CLANG_CXX_LANGUAGE_STANDARD = "gnu++0x";
				CLANG_CXX_LIBRARY = "libc++";
				CLANG_ENABLE_MODULES = YES;
				CLANG_ENABLE_OBJC_ARC = YES;
				CLANG_WARN_BOOL_CONVERSION = YES;
				CLANG_WARN_CONSTANT_CONVERSION = YES;
				CLANG_WARN_DIRECT_OBJC_ISA_USAGE = YES_ERROR;
				CLANG_WARN_DOCUMENTATION_COMMENTS = YES;
				CLANG_WARN_EMPTY_BODY = YES;
				CLANG_WARN_ENUM_CONVERSION = YES;
				CLANG_WARN_INFINITE_RECURSION = YES;
				CLANG_WARN_INT_CONVERSION = YES;
				CLANG_WARN_OBJC_ROOT_CLASS = YES_ERROR;
				CLANG_WARN_SUSPICIOUS_MOVE = YES;
				CLANG_WARN_UNREACHABLE_CODE = YES;
				CLANG_WARN__DUPLICATE_METHOD_MATCH = YES;
				"CODE_SIGN_IDENTITY[sdk=iphoneos*]" = "iPhone Developer";
				COPY_PHASE_STRIP = NO;
				DEBUG_INFORMATION_FORMAT = dwarf;
				ENABLE_STRICT_OBJC_MSGSEND = YES;
				ENABLE_TESTABILITY = YES;
				GCC_C_LANGUAGE_STANDARD = gnu99;
				GCC_DYNAMIC_NO_PIC = NO;
				GCC_NO_COMMON_BLOCKS = YES;
				GCC_OPTIMIZATION_LEVEL = 0;
				GCC_PREPROCESSOR_DEFINITIONS = (
					"DEBUG=1",
					"$(inherited)",
				);
				GCC_WARN_64_TO_32_BIT_CONVERSION = YES;
				GCC_WARN_ABOUT_RETURN_TYPE = YES_ERROR;
				GCC_WARN_UNDECLARED_SELECTOR = YES;
				GCC_WARN_UNINITIALIZED_AUTOS = YES_AGGRESSIVE;
				GCC_WARN_UNUSED_FUNCTION = YES;
				GCC_WARN_UNUSED_VARIABLE = YES;
				IPHONEOS_DEPLOYMENT_TARGET = 10.2;
				MTL_ENABLE_DEBUG_INFO = YES;
				ONLY_ACTIVE_ARCH = YES;
				SDKROOT = iphoneos;
			};
			name = Debug;
		};
		A1CC80E61E447F6C00465A52 /* Release */ = {
			isa = XCBuildConfiguration;
			buildSettings = {
				ALWAYS_SEARCH_USER_PATHS = NO;
				CLANG_ANALYZER_NONNULL = YES;
				CLANG_CXX_LANGUAGE_STANDARD = "gnu++0x";
				CLANG_CXX_LIBRARY = "libc++";
				CLANG_ENABLE_MODULES = YES;
				CLANG_ENABLE_OBJC_ARC = YES;
				CLANG_WARN_BOOL_CONVERSION = YES;
				CLANG_WARN_CONSTANT_CONVERSION = YES;
				CLANG_WARN_DIRECT_OBJC_ISA_USAGE = YES_ERROR;
				CLANG_WARN_DOCUMENTATION_COMMENTS = YES;
				CLANG_WARN_EMPTY_BODY = YES;
				CLANG_WARN_ENUM_CONVERSION = YES;
				CLANG_WARN_INFINITE_RECURSION = YES;
				CLANG_WARN_INT_CONVERSION = YES;
				CLANG_WARN_OBJC_ROOT_CLASS = YES_ERROR;
				CLANG_WARN_SUSPICIOUS_MOVE = YES;
				CLANG_WARN_UNREACHABLE_CODE = YES;
				CLANG_WARN__DUPLICATE_METHOD_MATCH = YES;
				"CODE_SIGN_IDENTITY[sdk=iphoneos*]" = "iPhone Developer";
				COPY_PHASE_STRIP = NO;
				DEBUG_INFORMATION_FORMAT = "dwarf-with-dsym";
				ENABLE_NS_ASSERTIONS = NO;
				ENABLE_STRICT_OBJC_MSGSEND = YES;
				GCC_C_LANGUAGE_STANDARD = gnu99;
				GCC_NO_COMMON_BLOCKS = YES;
				GCC_WARN_64_TO_32_BIT_CONVERSION = YES;
				GCC_WARN_ABOUT_RETURN_TYPE = YES_ERROR;
				GCC_WARN_UNDECLARED_SELECTOR = YES;
				GCC_WARN_UNINITIALIZED_AUTOS = YES_AGGRESSIVE;
				GCC_WARN_UNUSED_FUNCTION = YES;
				GCC_WARN_UNUSED_VARIABLE = YES;
				IPHONEOS_DEPLOYMENT_TARGET = 10.2;
				MTL_ENABLE_DEBUG_INFO = NO;
				SDKROOT = iphoneos;
				VALIDATE_PRODUCT = YES;
			};
			name = Release;
		};
		A1CC80E81E447F6C00465A52 /* Debug */ = {
			isa = XCBuildConfiguration;
			baseConfigurationReference = AEE134FC082721D233E7B41E /* Pods-PthreadsDemo.debug.xcconfig */;
			buildSettings = {
				ASSETCATALOG_COMPILER_APPICON_NAME = AppIcon;
				INFOPLIST_FILE = PthreadsDemo/Info.plist;
				LD_RUNPATH_SEARCH_PATHS = "$(inherited) @executable_path/Frameworks";
				PRODUCT_BUNDLE_IDENTIFIER = xiaolin.PthreadsDemo;
				PRODUCT_NAME = "$(TARGET_NAME)";
			};
			name = Debug;
		};
		A1CC80E91E447F6C00465A52 /* Release */ = {
			isa = XCBuildConfiguration;
			baseConfigurationReference = 2558B39FB9E343BF666B29E8 /* Pods-PthreadsDemo.release.xcconfig */;
			buildSettings = {
				ASSETCATALOG_COMPILER_APPICON_NAME = AppIcon;
				INFOPLIST_FILE = PthreadsDemo/Info.plist;
				LD_RUNPATH_SEARCH_PATHS = "$(inherited) @executable_path/Frameworks";
				PRODUCT_BUNDLE_IDENTIFIER = xiaolin.PthreadsDemo;
				PRODUCT_NAME = "$(TARGET_NAME)";
			};
			name = Release;
		};
		A1CC80EB1E447F6C00465A52 /* Debug */ = {
			isa = XCBuildConfiguration;
			buildSettings = {
				BUNDLE_LOADER = "$(TEST_HOST)";
				INFOPLIST_FILE = PthreadsDemoTests/Info.plist;
				LD_RUNPATH_SEARCH_PATHS = "$(inherited) @executable_path/Frameworks @loader_path/Frameworks";
				PRODUCT_BUNDLE_IDENTIFIER = xiaolin.PthreadsDemoTests;
				PRODUCT_NAME = "$(TARGET_NAME)";
				TEST_HOST = "$(BUILT_PRODUCTS_DIR)/PthreadsDemo.app/PthreadsDemo";
			};
			name = Debug;
		};
		A1CC80EC1E447F6C00465A52 /* Release */ = {
			isa = XCBuildConfiguration;
			buildSettings = {
				BUNDLE_LOADER = "$(TEST_HOST)";
				INFOPLIST_FILE = PthreadsDemoTests/Info.plist;
				LD_RUNPATH_SEARCH_PATHS = "$(inherited) @executable_path/Frameworks @loader_path/Frameworks";
				PRODUCT_BUNDLE_IDENTIFIER = xiaolin.PthreadsDemoTests;
				PRODUCT_NAME = "$(TARGET_NAME)";
				TEST_HOST = "$(BUILT_PRODUCTS_DIR)/PthreadsDemo.app/PthreadsDemo";
			};
			name = Release;
		};
		A1CC80EE1E447F6C00465A52 /* Debug */ = {
			isa = XCBuildConfiguration;
			buildSettings = {
				INFOPLIST_FILE = PthreadsDemoUITests/Info.plist;
				LD_RUNPATH_SEARCH_PATHS = "$(inherited) @executable_path/Frameworks @loader_path/Frameworks";
				PRODUCT_BUNDLE_IDENTIFIER = xiaolin.PthreadsDemoUITests;
				PRODUCT_NAME = "$(TARGET_NAME)";
				TEST_TARGET_NAME = PthreadsDemo;
			};
			name = Debug;
		};
		A1CC80EF1E447F6C00465A52 /* Release */ = {
			isa = XCBuildConfiguration;
			buildSettings = {
				INFOPLIST_FILE = PthreadsDemoUITests/Info.plist;
				LD_RUNPATH_SEARCH_PATHS = "$(inherited) @executable_path/Frameworks @loader_path/Frameworks";
				PRODUCT_BUNDLE_IDENTIFIER = xiaolin.PthreadsDemoUITests;
				PRODUCT_NAME = "$(TARGET_NAME)";
				TEST_TARGET_NAME = PthreadsDemo;
			};
			name = Release;
		};
/* End XCBuildConfiguration section */

/* Begin XCConfigurationList section */
		A1CC80B51E447F6C00465A52 /* Build configuration list for PBXProject "PthreadsDemo" */ = {
			isa = XCConfigurationList;
			buildConfigurations = (
				A1CC80E51E447F6C00465A52 /* Debug */,
				A1CC80E61E447F6C00465A52 /* Release */,
			);
			defaultConfigurationIsVisible = 0;
			defaultConfigurationName = Release;
		};
		A1CC80E71E447F6C00465A52 /* Build configuration list for PBXNativeTarget "PthreadsDemo" */ = {
			isa = XCConfigurationList;
			buildConfigurations = (
				A1CC80E81E447F6C00465A52 /* Debug */,
				A1CC80E91E447F6C00465A52 /* Release */,
			);
			defaultConfigurationIsVisible = 0;
			defaultConfigurationName = Release;
		};
		A1CC80EA1E447F6C00465A52 /* Build configuration list for PBXNativeTarget "PthreadsDemoTests" */ = {
			isa = XCConfigurationList;
			buildConfigurations = (
				A1CC80EB1E447F6C00465A52 /* Debug */,
				A1CC80EC1E447F6C00465A52 /* Release */,
			);
			defaultConfigurationIsVisible = 0;
			defaultConfigurationName = Release;
		};
		A1CC80ED1E447F6C00465A52 /* Build configuration list for PBXNativeTarget "PthreadsDemoUITests" */ = {
			isa = XCConfigurationList;
			buildConfigurations = (
				A1CC80EE1E447F6C00465A52 /* Debug */,
				A1CC80EF1E447F6C00465A52 /* Release */,
			);
			defaultConfigurationIsVisible = 0;
			defaultConfigurationName = Release;
		};
/* End XCConfigurationList section */
	};
	rootObject = A1CC80B21E447F6C00465A52 /* Project object */;
}
